// !$*UTF8*$!
{
	archiveVersion = 1;
	classes = {
	};
	objectVersion = 46;
	objects = {

/* Begin PBXBuildFile section */
		843B67F11E27CCB4009B29EF /* AppDelegate.swift in Sources */ = {isa = PBXBuildFile; fileRef = 843B67F01E27CCB4009B29EF /* AppDelegate.swift */; };
		843B67F31E27CCB4009B29EF /* ViewController.swift in Sources */ = {isa = PBXBuildFile; fileRef = 843B67F21E27CCB4009B29EF /* ViewController.swift */; };
		843B67F61E27CCB4009B29EF /* Main.storyboard in Resources */ = {isa = PBXBuildFile; fileRef = 843B67F41E27CCB4009B29EF /* Main.storyboard */; };
		843B67F81E27CCB4009B29EF /* Assets.xcassets in Resources */ = {isa = PBXBuildFile; fileRef = 843B67F71E27CCB4009B29EF /* Assets.xcassets */; };
		843B67FB1E27CCB4009B29EF /* LaunchScreen.storyboard in Resources */ = {isa = PBXBuildFile; fileRef = 843B67F91E27CCB4009B29EF /* LaunchScreen.storyboard */; };
/* End PBXBuildFile section */

/* Begin PBXFileReference section */
		843B67ED1E27CCB4009B29EF /* FirstPROJECT.app */ = {isa = PBXFileReference; explicitFileType = wrapper.application; includeInIndex = 0; path = FirstPROJECT.app; sourceTree = BUILT_PRODUCTS_DIR; };
		843B67F01E27CCB4009B29EF /* AppDelegate.swift */ = {isa = PBXFileReference; lastKnownFileType = sourcecode.swift; path = AppDelegate.swift; sourceTree = "<group>"; };
		843B67F21E27CCB4009B29EF /* ViewController.swift */ = {isa = PBXFileReference; lastKnownFileType = sourcecode.swift; path = ViewController.swift; sourceTree = "<group>"; };
		843B67F51E27CCB4009B29EF /* Base */ = {isa = PBXFileReference; lastKnownFileType = file.storyboard; name = Base; path = Base.lproj/Main.storyboard; sourceTree = "<group>"; };
		843B67F71E27CCB4009B29EF /* Assets.xcassets */ = {isa = PBXFileReference; lastKnownFileType = folder.assetcatalog; path = Assets.xcassets; sourceTree = "<group>"; };
		843B67FA1E27CCB4009B29EF /* Base */ = {isa = PBXFileReference; lastKnownFileType = file.storyboard; name = Base; path = Base.lproj/LaunchScreen.storyboard; sourceTree = "<group>"; };
		843B67FC1E27CCB4009B29EF /* Info.plist */ = {isa = PBXFileReference; lastKnownFileType = text.plist.xml; path = Info.plist; sourceTree = "<group>"; };
/* End PBXFileReference section */

/* Begin PBXFrameworksBuildPhase section */
		843B67EA1E27CCB4009B29EF /* Frameworks */ = {
			isa = PBXFrameworksBuildPhase;
			buildActionMask = 2147483647;
			files = (
			);
			runOnlyForDeploymentPostprocessing = 0;
		};
/* End PBXFrameworksBuildPhase section */

/* Begin PBXGroup section */
		843B67E41E27CCB4009B29EF = {
			isa = PBXGroup;
			children = (
				843B67EF1E27CCB4009B29EF /* FirstPROJECT */,
				843B67EE1E27CCB4009B29EF /* Products */,
			);
			sourceTree = "<group>";
		};
		843B67EE1E27CCB4009B29EF /* Products */ = {
			isa = PBXGroup;
			children = (
				843B67ED1E27CCB4009B29EF /* FirstPROJECT.app */,
			);
			name = Products;
			sourceTree = "<group>";
		};
		843B67EF1E27CCB4009B29EF /* FirstPROJECT */ = {
			isa = PBXGroup;
			children = (
				843B67F01E27CCB4009B29EF /* AppDelegate.swift */,
				843B67F21E27CCB4009B29EF /* ViewController.swift */,
				843B67F41E27CCB4009B29EF /* Main.storyboard */,
				843B67F71E27CCB4009B29EF /* Assets.xcassets */,
				843B67F91E27CCB4009B29EF /* LaunchScreen.storyboard */,
				843B67FC1E27CCB4009B29EF /* Info.plist */,
			);
			path = FirstPROJECT;
			sourceTree = "<group>";
		};
/* End PBXGroup section */

/* Begin PBXNativeTarget section */
		843B67EC1E27CCB4009B29EF /* FirstPROJECT */ = {
			isa = PBXNativeTarget;
			buildConfigurationList = 843B67FF1E27CCB4009B29EF /* Build configuration list for PBXNativeTarget "FirstPROJECT" */;
			buildPhases = (
				843B67E91E27CCB4009B29EF /* Sources */,
				843B67EA1E27CCB4009B29EF /* Frameworks */,
				843B67EB1E27CCB4009B29EF /* Resources */,
			);
			buildRules = (
			);
			dependencies = (
			);
			name = FirstPROJECT;
			productName = FirstPROJECT;
			productReference = 843B67ED1E27CCB4009B29EF /* FirstPROJECT.app */;
			productType = "com.apple.product-type.application";
		};
/* End PBXNativeTarget section */

/* Begin PBXProject section */
		843B67E51E27CCB4009B29EF /* Project object */ = {
			isa = PBXProject;
			attributes = {
				LastSwiftUpdateCheck = 0820;
				LastUpgradeCheck = 0820;
				ORGANIZATIONNAME = Admin;
				TargetAttributes = {
					843B67EC1E27CCB4009B29EF = {
						CreatedOnToolsVersion = 8.2;
						ProvisioningStyle = Automatic;
					};
				};
			};
			buildConfigurationList = 843B67E81E27CCB4009B29EF /* Build configuration list for PBXProject "FirstPROJECT" */;
			compatibilityVersion = "Xcode 3.2";
			developmentRegion = English;
			hasScannedForEncodings = 0;
			knownRegions = (
				en,
				Base,
			);
			mainGroup = 843B67E41E27CCB4009B29EF;
			productRefGroup = 843B67EE1E27CCB4009B29EF /* Products */;
			projectDirPath = "";
			projectRoot = "";
			targets = (
				843B67EC1E27CCB4009B29EF /* FirstPROJECT */,
			);
		};
/* End PBXProject section */

/* Begin PBXResourcesBuildPhase section */
		843B67EB1E27CCB4009B29EF /* Resources */ = {
			isa = PBXResourcesBuildPhase;
			buildActionMask = 2147483647;
			files = (
				843B67FB1E27CCB4009B29EF /* LaunchScreen.storyboard in Resources */,
				843B67F81E27CCB4009B29EF /* Assets.xcassets in Resources */,
				843B67F61E27CCB4009B29EF /* Main.storyboard in Resources */,
			);
			runOnlyForDeploymentPostprocessing = 0;
		};
/* End PBXResourcesBuildPhase section */

/* Begin PBXSourcesBuildPhase section */
		843B67E91E27CCB4009B29EF /* Sources */ = {
			isa = PBXSourcesBuildPhase;
			buildActionMask = 2147483647;
			files = (
				843B67F31E27CCB4009B29EF /* ViewController.swift in Sources */,
				843B67F11E27CCB4009B29EF /* AppDelegate.swift in Sources */,
			);
			runOnlyForDeploymentPostprocessing = 0;
		};
/* End PBXSourcesBuildPhase section */

/* Begin PBXVariantGroup section */
		843B67F41E27CCB4009B29EF /* Main.storyboard */ = {
			isa = PBXVariantGroup;
			children = (
				843B67F51E27CCB4009B29EF /* Base */,
			);
			name = Main.storyboard;
			sourceTree = "<group>";
		};
		843B67F91E27CCB4009B29EF /* LaunchScreen.storyboard */ = {
			isa = PBXVariantGroup;
			children = (
				843B67FA1E27CCB4009B29EF /* Base */,
			);
			name = LaunchScreen.storyboard;
			sourceTree = "<group>";
		};
/* End PBXVariantGroup section */

/* Begin XCBuildConfiguration section */
		843B67FD1E27CCB4009B29EF /* Debug */ = {
			isa = XCBuildConfiguration;
			buildSettings = {
				ALWAYS_SEARCH_USER_PATHS = NO;
				CLANG_ANALYZER_NONNULL = YES;
				CLANG_CXX_LANGUAGE_STANDARD = "gnu++0x";
				CLANG_CXX_LIBRARY = "libc++";
				CLANG_ENABLE_MODULES = YES;
				CLANG_ENABLE_OBJC_ARC = YES;
				CLANG_WARN_BOOL_CONVERSION = YES;
				CLANG_WARN_CONSTANT_CONVERSION = YES;
				CLANG_WARN_DIRECT_OBJC_ISA_USAGE = YES_ERROR;
				CLANG_WARN_DOCUMENTATION_COMMENTS = YES;
				CLANG_WARN_EMPTY_BODY = YES;
				CLANG_WARN_ENUM_CONVERSION = YES;
				CLANG_WARN_INFINITE_RECURSION = YES;
				CLANG_WARN_INT_CONVERSION = YES;
				CLANG_WARN_OBJC_ROOT_CLASS = YES_ERROR;
				CLANG_WARN_SUSPICIOUS_MOVE = YES;
				CLANG_WARN_UNREACHABLE_CODE = YES;
				CLANG_WARN__DUPLICATE_METHOD_MATCH = YES;
				"CODE_SIGN_IDENTITY[sdk=iphoneos*]" = "iPhone Developer";
				COPY_PHASE_STRIP = NO;
				DEBUG_INFORMATION_FORMAT = dwarf;
				ENABLE_STRICT_OBJC_MSGSEND = YES;
				ENABLE_TESTABILITY = YES;
				GCC_C_LANGUAGE_STANDARD = gnu99;
				GCC_DYNAMIC_NO_PIC = NO;
				GCC_NO_COMMON_BLOCKS = YES;
				GCC_OPTIMIZATION_LEVEL = 0;
				GCC_PREPROCESSOR_DEFINITIONS = (
					"DEBUG=1",
					"$(inherited)",
				);
				GCC_WARN_64_TO_32_BIT_CONVERSION = YES;
				GCC_WARN_ABOUT_RETURN_TYPE = YES_ERROR;
				GCC_WARN_UNDECLARED_SELECTOR = YES;
				GCC_WARN_UNINITIALIZED_AUTOS = YES_AGGRESSIVE;
				GCC_WARN_UNUSED_FUNCTION = YES;
				GCC_WARN_UNUSED_VARIABLE = YES;
				IPHONEOS_DEPLOYMENT_TARGET = 10.2;
				MTL_ENABLE_DEBUG_INFO = YES;
				ONLY_ACTIVE_ARCH = YES;
				SDKROOT = iphoneos;
				SWIFT_ACTIVE_COMPILATION_CONDITIONS = DEBUG;
				SWIFT_OPTIMIZATION_LEVEL = "-Onone";
				TARGETED_DEVICE_FAMILY = "1,2";
			};
			name = Debug;
		};
		843B67FE1E27CCB4009B29EF /* Release */ = {
			isa = XCBuildConfiguration;
			buildSettings = {
				ALWAYS_SEARCH_USER_PATHS = NO;
				CLANG_ANALYZER_NONNULL = YES;
				CLANG_CXX_LANGUAGE_STANDARD = "gnu++0x";
				CLANG_CXX_LIBRARY = "libc++";
				CLANG_ENABLE_MODULES = YES;
				CLANG_ENABLE_OBJC_ARC = YES;
				CLANG_WARN_BOOL_CONVERSION = YES;
				CLANG_WARN_CONSTANT_CONVERSION = YES;
				CLANG_WARN_DIRECT_OBJC_ISA_USAGE = YES_ERROR;
				CLANG_WARN_DOCUMENTATION_COMMENTS = YES;
				CLANG_WARN_EMPTY_BODY = YES;
				CLANG_WARN_ENUM_CONVERSION = YES;
				CLANG_WARN_INFINITE_RECURSION = YES;
				CLANG_WARN_INT_CONVERSION = YES;
				CLANG_WARN_OBJC_ROOT_CLASS = YES_ERROR;
				CLANG_WARN_SUSPICIOUS_MOVE = YES;
				CLANG_WARN_UNREACHABLE_CODE = YES;
				CLANG_WARN__DUPLICATE_METHOD_MATCH = YES;
				"CODE_SIGN_IDENTITY[sdk=iphoneos*]" = "iPhone Developer";
				COPY_PHASE_STRIP = NO;
				DEBUG_INFORMATION_FORMAT = "dwarf-with-dsym";
				ENABLE_NS_ASSERTIONS = NO;
				ENABLE_STRICT_OBJC_MSGSEND = YES;
				GCC_C_LANGUAGE_STANDARD = gnu99;
				GCC_NO_COMMON_BLOCKS = YES;
				GCC_WARN_64_TO_32_BIT_CONVERSION = YES;
				GCC_WARN_ABOUT_RETURN_TYPE = YES_ERROR;
				GCC_WARN_UNDECLARED_SELECTOR = YES;
				GCC_WARN_UNINITIALIZED_AUTOS = YES_AGGRESSIVE;
				GCC_WARN_UNUSED_FUNCTION = YES;
				GCC_WARN_UNUSED_VARIABLE = YES;
				IPHONEOS_DEPLOYMENT_TARGET = 10.2;
				MTL_ENABLE_DEBUG_INFO = NO;
				SDKROOT = iphoneos;
				SWIFT_OPTIMIZATION_LEVEL = "-Owholemodule";
				TARGETED_DEVICE_FAMILY = "1,2";
				VALIDATE_PRODUCT = YES;
			};
			name = Release;
		};
		843B68001E27CCB4009B29EF /* Debug */ = {
			isa = XCBuildConfiguration;
			buildSettings = {
				ASSETCATALOG_COMPILER_APPICON_NAME = AppIcon;
				INFOPLIST_FILE = FirstPROJECT/Info.plist;
				LD_RUNPATH_SEARCH_PATHS = "$(inherited) @executable_path/Frameworks";
				PRODUCT_BUNDLE_IDENTIFIER = TEST.FirstPROJECT;
				PRODUCT_NAME = "$(TARGET_NAME)";
				SWIFT_VERSION = 3.0;
			};
			name = Debug;
		};
		843B68011E27CCB4009B29EF /* Release */ = {
			isa = XCBuildConfiguration;
			buildSettings = {
				ASSETCATALOG_COMPILER_APPICON_NAME = AppIcon;
				INFOPLIST_FILE = FirstPROJECT/Info.plist;
				LD_RUNPATH_SEARCH_PATHS = "$(inherited) @executable_path/Frameworks";
				PRODUCT_BUNDLE_IDENTIFIER = TEST.FirstPROJECT;
				PRODUCT_NAME = "$(TARGET_NAME)";
				SWIFT_VERSION = 3.0;
			};
			name = Release;
		};
/* End XCBuildConfiguration section */

/* Begin XCConfigurationList section */
		843B67E81E27CCB4009B29EF /* Build configuration list for PBXProject "FirstPROJECT" */ = {
			isa = XCConfigurationList;
			buildConfigurations = (
				843B67FD1E27CCB4009B29EF /* Debug */,
				843B67FE1E27CCB4009B29EF /* Release */,
			);
			defaultConfigurationIsVisible = 0;
			defaultConfigurationName = Release;
		};
		843B67FF1E27CCB4009B29EF /* Build configuration list for PBXNativeTarget "FirstPROJECT" */ = {
			isa = XCConfigurationList;
			buildConfigurations = (
				843B68001E27CCB4009B29EF /* Debug */,
				843B68011E27CCB4009B29EF /* Release */,
			);
			defaultConfigurationIsVisible = 0;
		};
/* End XCConfigurationList section */
	};
	rootObject = 843B67E51E27CCB4009B29EF /* Project object */;
}
